
Microsoft Visual Studio Solution File, Format Version 12.00
Project("{FAE04EC0-301F-11D3-BF4B-00C04F79EFBC}") = "HelloWorld", "src\HelloWorld\HelloWorld.csproj", "{31C192AD-86AF-4F55-AABF-1E5B682F8A6F}"
EndProject
Project("{FAE04EC0-301F-11D3-BF4B-00C04F79EFBC}") = "HelloWorld.Tests", "test\HelloWorld.Test\HelloWorld.Tests.csproj", "{0A82C9DE-40CD-413C-89A7-02F627FA3501}"
EndProject
Project("{2150E333-8FDC-42A3-9474-1A3956D46DE8}") = "Solution Items", "Solution Items", "{930B43B6-EFFB-48EE-B450-78F5225C40C8}"
ProjectSection(SolutionItems) = preProject
	.gitignore = .gitignore
	README.md = README.md
	omnisharp.json = omnisharp.json
	template.yaml = template.yaml
	lambda.tf = lambda.tf
	api-gateway.tf = api-gateway.tf
	aws.tf = aws.tf
	lambda-integration.tf = lambda-integration.tf
EndProjectSection
EndProject
Global
	GlobalSection(SolutionConfigurationPlatforms) = preSolution
		Debug|Any CPU = Debug|Any CPU
		Release|Any CPU = Release|Any CPU
	EndGlobalSection
	GlobalSection(ProjectConfigurationPlatforms) = postSolution
		{31C192AD-86AF-4F55-AABF-1E5B682F8A6F}.Debug|Any CPU.ActiveCfg = Debug|Any CPU
		{31C192AD-86AF-4F55-AABF-1E5B682F8A6F}.Debug|Any CPU.Build.0 = Debug|Any CPU
		{31C192AD-86AF-4F55-AABF-1E5B682F8A6F}.Release|Any CPU.ActiveCfg = Release|Any CPU
		{31C192AD-86AF-4F55-AABF-1E5B682F8A6F}.Release|Any CPU.Build.0 = Release|Any CPU
		{0A82C9DE-40CD-413C-89A7-02F627FA3501}.Debug|Any CPU.ActiveCfg = Debug|Any CPU
		{0A82C9DE-40CD-413C-89A7-02F627FA3501}.Debug|Any CPU.Build.0 = Debug|Any CPU
		{0A82C9DE-40CD-413C-89A7-02F627FA3501}.Release|Any CPU.ActiveCfg = Release|Any CPU
		{0A82C9DE-40CD-413C-89A7-02F627FA3501}.Release|Any CPU.Build.0 = Release|Any CPU
	EndGlobalSection
	GlobalSection(NestedProjects) = preSolution
	EndGlobalSection
EndGlobal
